
Microsoft Visual Studio Solution File, Format Version 12.00
# Visual Studio Version 16
VisualStudioVersion = 16.0.30225.117
MinimumVisualStudioVersion = 10.0.40219.1
Project("{FAE04EC0-301F-11D3-BF4B-00C04F79EFBC}") = "sergeyskan", "sergeyskan\sergeyskan.csproj", "{B7B6529F-066C-432D-A06F-2A0786E0AA96}"
EndProject
Global
	GlobalSection(SolutionConfigurationPlatforms) = preSolution
		Debug|Any CPU = Debug|Any CPU
		Release|Any CPU = Release|Any CPU
	EndGlobalSection
	GlobalSection(ProjectConfigurationPlatforms) = postSolution
		{B7B6529F-066C-432D-A06F-2A0786E0AA96}.Debug|Any CPU.ActiveCfg = Debug|Any CPU
		{B7B6529F-066C-432D-A06F-2A0786E0AA96}.Debug|Any CPU.Build.0 = Debug|Any CPU
		{B7B6529F-066C-432D-A06F-2A0786E0AA96}.Release|Any CPU.ActiveCfg = Release|Any CPU
		{B7B6529F-066C-432D-A06F-2A0786E0AA96}.Release|Any CPU.Build.0 = Release|Any CPU
	EndGlobalSection
	GlobalSection(SolutionProperties) = preSolution
		HideSolutionNode = FALSE
	EndGlobalSection
	GlobalSection(ExtensibilityGlobals) = postSolution
		SolutionGuid = {D8B7DF5E-1570-4488-BE6F-A7B3FB82F7DD}
	EndGlobalSection
EndGlobal
